{
  "name": "hello-world",
  "version": "1.0.0",
  "lockfileVersion": 1,
  "requires": true,
  "dependencies": {
    "@smallstoneapps/utils": {
      "version": "1.3.0",
      "resolved": "https://registry.npmjs.org/@smallstoneapps/utils/-/utils-1.3.0.tgz",
      "integrity": "sha1-n7JhPtlrsg4lvi+rTFuzq3PxwtE="
    }
  }
}
